
Microsoft Visual Studio Solution File, Format Version 12.00
# Visual Studio Version 17
VisualStudioVersion = 17.2.32516.85
MinimumVisualStudioVersion = 10.0.40219.1
Project("{FAE04EC0-301F-11D3-BF4B-00C04F79EFBC}") = "MuHASS.Android", "MuHASS\MuHASS.Android\MuHASS.Android.csproj", "{ED997902-0528-460F-94E6-9E8B80D02D93}"
EndProject
Project("{FAE04EC0-301F-11D3-BF4B-00C04F79EFBC}") = "MuHASS.iOS", "MuHASS\MuHASS.iOS\MuHASS.iOS.csproj", "{AAF55C2B-662A-4E68-9994-8F9B50E94F56}"
EndProject
Project("{9A19103F-16F7-4668-BE54-9A1E7A4F7556}") = "MuHASS", "MuHASS\MuHASS\MuHASS.csproj", "{F8D33EAA-8E15-42C4-BA67-7E26A13D9A5C}"
EndProject
Global
	GlobalSection(SolutionConfigurationPlatforms) = preSolution
		Debug|Any CPU = Debug|Any CPU
		Debug|iPhone = Debug|iPhone
		Debug|iPhoneSimulator = Debug|iPhoneSimulator
		Release|Any CPU = Release|Any CPU
		Release|iPhone = Release|iPhone
		Release|iPhoneSimulator = Release|iPhoneSimulator
	EndGlobalSection
	GlobalSection(ProjectConfigurationPlatforms) = postSolution
		{ED997902-0528-460F-94E6-9E8B80D02D93}.Debug|Any CPU.ActiveCfg = Debug|Any CPU
		{ED997902-0528-460F-94E6-9E8B80D02D93}.Debug|Any CPU.Build.0 = Debug|Any CPU
		{ED997902-0528-460F-94E6-9E8B80D02D93}.Debug|Any CPU.Deploy.0 = Debug|Any CPU
		{ED997902-0528-460F-94E6-9E8B80D02D93}.Debug|iPhone.ActiveCfg = Debug|Any CPU
		{ED997902-0528-460F-94E6-9E8B80D02D93}.Debug|iPhone.Build.0 = Debug|Any CPU
		{ED997902-0528-460F-94E6-9E8B80D02D93}.Debug|iPhone.Deploy.0 = Debug|Any CPU
		{ED997902-0528-460F-94E6-9E8B80D02D93}.Debug|iPhoneSimulator.ActiveCfg = Debug|Any CPU
		{ED997902-0528-460F-94E6-9E8B80D02D93}.Debug|iPhoneSimulator.Build.0 = Debug|Any CPU
		{ED997902-0528-460F-94E6-9E8B80D02D93}.Debug|iPhoneSimulator.Deploy.0 = Debug|Any CPU
		{ED997902-0528-460F-94E6-9E8B80D02D93}.Release|Any CPU.ActiveCfg = Release|Any CPU
		{ED997902-0528-460F-94E6-9E8B80D02D93}.Release|Any CPU.Build.0 = Release|Any CPU
		{ED997902-0528-460F-94E6-9E8B80D02D93}.Release|Any CPU.Deploy.0 = Release|Any CPU
		{ED997902-0528-460F-94E6-9E8B80D02D93}.Release|iPhone.ActiveCfg = Release|Any CPU
		{ED997902-0528-460F-94E6-9E8B80D02D93}.Release|iPhone.Build.0 = Release|Any CPU
		{ED997902-0528-460F-94E6-9E8B80D02D93}.Release|iPhone.Deploy.0 = Release|Any CPU
		{ED997902-0528-460F-94E6-9E8B80D02D93}.Release|iPhoneSimulator.ActiveCfg = Release|Any CPU
		{ED997902-0528-460F-94E6-9E8B80D02D93}.Release|iPhoneSimulator.Build.0 = Release|Any CPU
		{ED997902-0528-460F-94E6-9E8B80D02D93}.Release|iPhoneSimulator.Deploy.0 = Release|Any CPU
		{AAF55C2B-662A-4E68-9994-8F9B50E94F56}.Debug|Any CPU.ActiveCfg = Debug|iPhone
		{AAF55C2B-662A-4E68-9994-8F9B50E94F56}.Debug|Any CPU.Build.0 = Debug|iPhone
		{AAF55C2B-662A-4E68-9994-8F9B50E94F56}.Debug|Any CPU.Deploy.0 = Debug|iPhone
		{AAF55C2B-662A-4E68-9994-8F9B50E94F56}.Debug|iPhone.ActiveCfg = Debug|iPhone
		{AAF55C2B-662A-4E68-9994-8F9B50E94F56}.Debug|iPhone.Build.0 = Debug|iPhone
		{AAF55C2B-662A-4E68-9994-8F9B50E94F56}.Debug|iPhone.Deploy.0 = Debug|iPhone
		{AAF55C2B-662A-4E68-9994-8F9B50E94F56}.Debug|iPhoneSimulator.ActiveCfg = Debug|iPhoneSimulator
		{AAF55C2B-662A-4E68-9994-8F9B50E94F56}.Debug|iPhoneSimulator.Build.0 = Debug|iPhoneSimulator
		{AAF55C2B-662A-4E68-9994-8F9B50E94F56}.Debug|iPhoneSimulator.Deploy.0 = Debug|iPhoneSimulator
		{AAF55C2B-662A-4E68-9994-8F9B50E94F56}.Release|Any CPU.ActiveCfg = Release|iPhoneSimulator
		{AAF55C2B-662A-4E68-9994-8F9B50E94F56}.Release|Any CPU.Build.0 = Release|iPhoneSimulator
		{AAF55C2B-662A-4E68-9994-8F9B50E94F56}.Release|Any CPU.Deploy.0 = Release|iPhoneSimulator
		{AAF55C2B-662A-4E68-9994-8F9B50E94F56}.Release|iPhone.ActiveCfg = Release|iPhone
		{AAF55C2B-662A-4E68-9994-8F9B50E94F56}.Release|iPhone.Build.0 = Release|iPhone
		{AAF55C2B-662A-4E68-9994-8F9B50E94F56}.Release|iPhone.Deploy.0 = Release|iPhone
		{AAF55C2B-662A-4E68-9994-8F9B50E94F56}.Release|iPhoneSimulator.ActiveCfg = Release|iPhoneSimulator
		{AAF55C2B-662A-4E68-9994-8F9B50E94F56}.Release|iPhoneSimulator.Build.0 = Release|iPhoneSimulator
		{AAF55C2B-662A-4E68-9994-8F9B50E94F56}.Release|iPhoneSimulator.Deploy.0 = Release|iPhoneSimulator
		{F8D33EAA-8E15-42C4-BA67-7E26A13D9A5C}.Debug|Any CPU.ActiveCfg = Debug|Any CPU
		{F8D33EAA-8E15-42C4-BA67-7E26A13D9A5C}.Debug|Any CPU.Build.0 = Debug|Any CPU
		{F8D33EAA-8E15-42C4-BA67-7E26A13D9A5C}.Debug|Any CPU.Deploy.0 = Debug|Any CPU
		{F8D33EAA-8E15-42C4-BA67-7E26A13D9A5C}.Debug|iPhone.ActiveCfg = Debug|Any CPU
		{F8D33EAA-8E15-42C4-BA67-7E26A13D9A5C}.Debug|iPhone.Build.0 = Debug|Any CPU
		{F8D33EAA-8E15-42C4-BA67-7E26A13D9A5C}.Debug|iPhone.Deploy.0 = Debug|Any CPU
		{F8D33EAA-8E15-42C4-BA67-7E26A13D9A5C}.Debug|iPhoneSimulator.ActiveCfg = Debug|Any CPU
		{F8D33EAA-8E15-42C4-BA67-7E26A13D9A5C}.Debug|iPhoneSimulator.Build.0 = Debug|Any CPU
		{F8D33EAA-8E15-42C4-BA67-7E26A13D9A5C}.Debug|iPhoneSimulator.Deploy.0 = Debug|Any CPU
		{F8D33EAA-8E15-42C4-BA67-7E26A13D9A5C}.Release|Any CPU.ActiveCfg = Release|Any CPU
		{F8D33EAA-8E15-42C4-BA67-7E26A13D9A5C}.Release|Any CPU.Build.0 = Release|Any CPU
		{F8D33EAA-8E15-42C4-BA67-7E26A13D9A5C}.Release|Any CPU.Deploy.0 = Release|Any CPU
		{F8D33EAA-8E15-42C4-BA67-7E26A13D9A5C}.Release|iPhone.ActiveCfg = Release|Any CPU
		{F8D33EAA-8E15-42C4-BA67-7E26A13D9A5C}.Release|iPhone.Build.0 = Release|Any CPU
		{F8D33EAA-8E15-42C4-BA67-7E26A13D9A5C}.Release|iPhone.Deploy.0 = Release|Any CPU
		{F8D33EAA-8E15-42C4-BA67-7E26A13D9A5C}.Release|iPhoneSimulator.ActiveCfg = Release|Any CPU
		{F8D33EAA-8E15-42C4-BA67-7E26A13D9A5C}.Release|iPhoneSimulator.Build.0 = Release|Any CPU
		{F8D33EAA-8E15-42C4-BA67-7E26A13D9A5C}.Release|iPhoneSimulator.Deploy.0 = Release|Any CPU
	EndGlobalSection
	GlobalSection(SolutionProperties) = preSolution
		HideSolutionNode = FALSE
	EndGlobalSection
	GlobalSection(ExtensibilityGlobals) = postSolution
		SolutionGuid = {8594D839-F58F-41FE-81C7-BCB15BF2F539}
	EndGlobalSection
EndGlobal
